
Microsoft Visual Studio Solution File, Format Version 12.00
# Visual Studio Version 17
VisualStudioVersion = 17.2.32526.322
MinimumVisualStudioVersion = 10.0.40219.1
Project("{9A19103F-16F7-4668-BE54-9A1E7A4F7556}") = "ElasticsearchLib", "ElasticsearchLib\ElasticsearchLib.csproj", "{1EDB2962-78D1-4157-943A-68F9EF20F9A9}"
EndProject
Project("{9A19103F-16F7-4668-BE54-9A1E7A4F7556}") = "ElasticUnitTests", "ElasticUnitTest\ElasticUnitTests.csproj", "{47C03902-C5DD-4B54-8211-87DEA3CAB4F5}"
EndProject
Project("{9A19103F-16F7-4668-BE54-9A1E7A4F7556}") = "ElasticSearch.App", "ElasticSearch.App\ElasticSearch.App.csproj", "{D5AAD19D-7875-40C6-9DF4-55F3319B69BA}"
EndProject
Global
	GlobalSection(SolutionConfigurationPlatforms) = preSolution
		Debug|Any CPU = Debug|Any CPU
		Release|Any CPU = Release|Any CPU
	EndGlobalSection
	GlobalSection(ProjectConfigurationPlatforms) = postSolution
		{1EDB2962-78D1-4157-943A-68F9EF20F9A9}.Debug|Any CPU.ActiveCfg = Debug|Any CPU
		{1EDB2962-78D1-4157-943A-68F9EF20F9A9}.Debug|Any CPU.Build.0 = Debug|Any CPU
		{1EDB2962-78D1-4157-943A-68F9EF20F9A9}.Release|Any CPU.ActiveCfg = Release|Any CPU
		{1EDB2962-78D1-4157-943A-68F9EF20F9A9}.Release|Any CPU.Build.0 = Release|Any CPU
		{47C03902-C5DD-4B54-8211-87DEA3CAB4F5}.Debug|Any CPU.ActiveCfg = Debug|Any CPU
		{47C03902-C5DD-4B54-8211-87DEA3CAB4F5}.Debug|Any CPU.Build.0 = Debug|Any CPU
		{47C03902-C5DD-4B54-8211-87DEA3CAB4F5}.Release|Any CPU.ActiveCfg = Release|Any CPU
		{47C03902-C5DD-4B54-8211-87DEA3CAB4F5}.Release|Any CPU.Build.0 = Release|Any CPU
		{D5AAD19D-7875-40C6-9DF4-55F3319B69BA}.Debug|Any CPU.ActiveCfg = Debug|Any CPU
		{D5AAD19D-7875-40C6-9DF4-55F3319B69BA}.Debug|Any CPU.Build.0 = Debug|Any CPU
		{D5AAD19D-7875-40C6-9DF4-55F3319B69BA}.Release|Any CPU.ActiveCfg = Release|Any CPU
		{D5AAD19D-7875-40C6-9DF4-55F3319B69BA}.Release|Any CPU.Build.0 = Release|Any CPU
	EndGlobalSection
	GlobalSection(SolutionProperties) = preSolution
		HideSolutionNode = FALSE
	EndGlobalSection
	GlobalSection(ExtensibilityGlobals) = postSolution
		SolutionGuid = {0786C33C-E5E3-4430-93C1-B9FFB7419721}
	EndGlobalSection
EndGlobal
